// !$*UTF8*$!
{
	archiveVersion = 1;
	classes = {
	};
	objectVersion = 56;
	objects = {

/* Begin PBXBuildFile section */
		C1032AF32A6548D700DC8C7F /* UIView+Extension.swift in Sources */ = {isa = PBXBuildFile; fileRef = C1032AF22A6548D700DC8C7F /* UIView+Extension.swift */; };
		C1032AF52A65532700DC8C7F /* UIColor+Extension.swift in Sources */ = {isa = PBXBuildFile; fileRef = C1032AF42A65532700DC8C7F /* UIColor+Extension.swift */; };
		C1032AF92A6555C000DC8C7F /* HomeViewController.swift in Sources */ = {isa = PBXBuildFile; fileRef = C1032AF82A6555C000DC8C7F /* HomeViewController.swift */; };
		C1032AFB2A6565DA00DC8C7F /* SearchBar.swift in Sources */ = {isa = PBXBuildFile; fileRef = C1032AFA2A6565DA00DC8C7F /* SearchBar.swift */; };
		C11B66F52A6FCF5E006D320E /* NavigationBar.swift in Sources */ = {isa = PBXBuildFile; fileRef = C11B66F42A6FCF5E006D320E /* NavigationBar.swift */; };
		C11B66F72A700DFB006D320E /* NoMovies.swift in Sources */ = {isa = PBXBuildFile; fileRef = C11B66F62A700DFB006D320E /* NoMovies.swift */; };
		C11B66F92A714104006D320E /* DetailsViewController.swift in Sources */ = {isa = PBXBuildFile; fileRef = C11B66F82A714104006D320E /* DetailsViewController.swift */; };
		C11B66FB2A728242006D320E /* DetailsComponentsView.swift in Sources */ = {isa = PBXBuildFile; fileRef = C11B66FA2A728242006D320E /* DetailsComponentsView.swift */; };
		C11B66FD2A72863D006D320E /* DetailsView.swift in Sources */ = {isa = PBXBuildFile; fileRef = C11B66FC2A72863D006D320E /* DetailsView.swift */; };
		C15764FC2A66B7EF000D9C08 /* CategoryCell.swift in Sources */ = {isa = PBXBuildFile; fileRef = C15764FB2A66B7EF000D9C08 /* CategoryCell.swift */; };
		C1A053C22A77DEBC000A1009 /* Montserrat in Resources */ = {isa = PBXBuildFile; fileRef = C1A053C12A77DEBC000A1009 /* Montserrat */; };
		C1A053C42A77FC3C000A1009 /* ErrorViewController.swift in Sources */ = {isa = PBXBuildFile; fileRef = C1A053C32A77FC3C000A1009 /* ErrorViewController.swift */; };
		C1A053C62A78E578000A1009 /* LoadingViewController.swift in Sources */ = {isa = PBXBuildFile; fileRef = C1A053C52A78E577000A1009 /* LoadingViewController.swift */; };
		C1A053CF2A791C56000A1009 /* Montserrat-Medium.ttf in Resources */ = {isa = PBXBuildFile; fileRef = C1A053CD2A791C56000A1009 /* Montserrat-Medium.ttf */; };
		C1A053D02A791C56000A1009 /* Montserrat-SemiBold.ttf in Resources */ = {isa = PBXBuildFile; fileRef = C1A053CE2A791C56000A1009 /* Montserrat-SemiBold.ttf */; };
		C1A967062A65438E00694CC7 /* AppDelegate.swift in Sources */ = {isa = PBXBuildFile; fileRef = C1A967052A65438E00694CC7 /* AppDelegate.swift */; };
		C1A967082A65438E00694CC7 /* SceneDelegate.swift in Sources */ = {isa = PBXBuildFile; fileRef = C1A967072A65438E00694CC7 /* SceneDelegate.swift */; };
		C1A9670A2A65438E00694CC7 /* SplashViewController.swift in Sources */ = {isa = PBXBuildFile; fileRef = C1A967092A65438E00694CC7 /* SplashViewController.swift */; };
		C1A9670D2A65438E00694CC7 /* Main.storyboard in Resources */ = {isa = PBXBuildFile; fileRef = C1A9670B2A65438E00694CC7 /* Main.storyboard */; };
		C1A967102A65438E00694CC7 /* MovieApp.xcdatamodeld in Sources */ = {isa = PBXBuildFile; fileRef = C1A9670E2A65438E00694CC7 /* MovieApp.xcdatamodeld */; };
		C1A967122A65439000694CC7 /* Assets.xcassets in Resources */ = {isa = PBXBuildFile; fileRef = C1A967112A65439000694CC7 /* Assets.xcassets */; };
		C1A967152A65439000694CC7 /* LaunchScreen.storyboard in Resources */ = {isa = PBXBuildFile; fileRef = C1A967132A65439000694CC7 /* LaunchScreen.storyboard */; };
		C1B2DCC82A822F7A00702250 /* UIFont+Extension.swift in Sources */ = {isa = PBXBuildFile; fileRef = C1B2DCC72A822F7A00702250 /* UIFont+Extension.swift */; };
		C1B2DCCA2A82659C00702250 /* UICollectionView+Extension.swift in Sources */ = {isa = PBXBuildFile; fileRef = C1B2DCC92A82659C00702250 /* UICollectionView+Extension.swift */; };
		C1F772642A6840C7009BD0B8 /* MovieView.swift in Sources */ = {isa = PBXBuildFile; fileRef = C1F772632A6840C7009BD0B8 /* MovieView.swift */; };
		C1F772662A685DCA009BD0B8 /* MovieCell.swift in Sources */ = {isa = PBXBuildFile; fileRef = C1F772652A685DCA009BD0B8 /* MovieCell.swift */; };
		C1F7726E2A6BDF95009BD0B8 /* FavoriteMoviesViewController.swift in Sources */ = {isa = PBXBuildFile; fileRef = C1F7726D2A6BDF95009BD0B8 /* FavoriteMoviesViewController.swift */; };
/* End PBXBuildFile section */

/* Begin PBXFileReference section */
		C1032AF22A6548D700DC8C7F /* UIView+Extension.swift */ = {isa = PBXFileReference; lastKnownFileType = sourcecode.swift; path = "UIView+Extension.swift"; sourceTree = "<group>"; };
		C1032AF42A65532700DC8C7F /* UIColor+Extension.swift */ = {isa = PBXFileReference; lastKnownFileType = sourcecode.swift; path = "UIColor+Extension.swift"; sourceTree = "<group>"; };
		C1032AF82A6555C000DC8C7F /* HomeViewController.swift */ = {isa = PBXFileReference; lastKnownFileType = sourcecode.swift; path = HomeViewController.swift; sourceTree = "<group>"; };
		C1032AFA2A6565DA00DC8C7F /* SearchBar.swift */ = {isa = PBXFileReference; lastKnownFileType = sourcecode.swift; path = SearchBar.swift; sourceTree = "<group>"; };
		C11B66F42A6FCF5E006D320E /* NavigationBar.swift */ = {isa = PBXFileReference; lastKnownFileType = sourcecode.swift; path = NavigationBar.swift; sourceTree = "<group>"; };
		C11B66F62A700DFB006D320E /* NoMovies.swift */ = {isa = PBXFileReference; lastKnownFileType = sourcecode.swift; path = NoMovies.swift; sourceTree = "<group>"; };
		C11B66F82A714104006D320E /* DetailsViewController.swift */ = {isa = PBXFileReference; lastKnownFileType = sourcecode.swift; path = DetailsViewController.swift; sourceTree = "<group>"; };
		C11B66FA2A728242006D320E /* DetailsComponentsView.swift */ = {isa = PBXFileReference; lastKnownFileType = sourcecode.swift; path = DetailsComponentsView.swift; sourceTree = "<group>"; };
		C11B66FC2A72863D006D320E /* DetailsView.swift */ = {isa = PBXFileReference; lastKnownFileType = sourcecode.swift; path = DetailsView.swift; sourceTree = "<group>"; };
		C15764FB2A66B7EF000D9C08 /* CategoryCell.swift */ = {isa = PBXFileReference; lastKnownFileType = sourcecode.swift; path = CategoryCell.swift; sourceTree = "<group>"; };
		C1A053C12A77DEBC000A1009 /* Montserrat */ = {isa = PBXFileReference; lastKnownFileType = folder; path = Montserrat; sourceTree = "<group>"; };
		C1A053C32A77FC3C000A1009 /* ErrorViewController.swift */ = {isa = PBXFileReference; lastKnownFileType = sourcecode.swift; path = ErrorViewController.swift; sourceTree = "<group>"; };
		C1A053C52A78E577000A1009 /* LoadingViewController.swift */ = {isa = PBXFileReference; lastKnownFileType = sourcecode.swift; path = LoadingViewController.swift; sourceTree = "<group>"; };
		C1A053CD2A791C56000A1009 /* Montserrat-Medium.ttf */ = {isa = PBXFileReference; lastKnownFileType = file; path = "Montserrat-Medium.ttf"; sourceTree = "<group>"; };
		C1A053CE2A791C56000A1009 /* Montserrat-SemiBold.ttf */ = {isa = PBXFileReference; lastKnownFileType = file; path = "Montserrat-SemiBold.ttf"; sourceTree = "<group>"; };
		C1A053D12A792CCA000A1009 /* Montserrat-Regular.ttf */ = {isa = PBXFileReference; lastKnownFileType = file; path = "Montserrat-Regular.ttf"; sourceTree = "<group>"; };
		C1A053D22A793524000A1009 /* Montserrat-Bold.ttf */ = {isa = PBXFileReference; lastKnownFileType = file; path = "Montserrat-Bold.ttf"; sourceTree = "<group>"; };
		C1A053D32A79770D000A1009 /* Montserrat-ExtraBold.ttf */ = {isa = PBXFileReference; lastKnownFileType = file; path = "Montserrat-ExtraBold.ttf"; sourceTree = "<group>"; };
		C1A967022A65438E00694CC7 /* MovieApp.app */ = {isa = PBXFileReference; explicitFileType = wrapper.application; includeInIndex = 0; path = MovieApp.app; sourceTree = BUILT_PRODUCTS_DIR; };
		C1A967052A65438E00694CC7 /* AppDelegate.swift */ = {isa = PBXFileReference; lastKnownFileType = sourcecode.swift; path = AppDelegate.swift; sourceTree = "<group>"; };
		C1A967072A65438E00694CC7 /* SceneDelegate.swift */ = {isa = PBXFileReference; lastKnownFileType = sourcecode.swift; path = SceneDelegate.swift; sourceTree = "<group>"; };
		C1A967092A65438E00694CC7 /* SplashViewController.swift */ = {isa = PBXFileReference; lastKnownFileType = sourcecode.swift; path = SplashViewController.swift; sourceTree = "<group>"; };
		C1A9670C2A65438E00694CC7 /* Base */ = {isa = PBXFileReference; lastKnownFileType = file.storyboard; name = Base; path = Base.lproj/Main.storyboard; sourceTree = "<group>"; };
		C1A9670F2A65438E00694CC7 /* MovieApp.xcdatamodel */ = {isa = PBXFileReference; lastKnownFileType = wrapper.xcdatamodel; path = MovieApp.xcdatamodel; sourceTree = "<group>"; };
		C1A967112A65439000694CC7 /* Assets.xcassets */ = {isa = PBXFileReference; lastKnownFileType = folder.assetcatalog; path = Assets.xcassets; sourceTree = "<group>"; };
		C1A967142A65439000694CC7 /* Base */ = {isa = PBXFileReference; lastKnownFileType = file.storyboard; name = Base; path = Base.lproj/LaunchScreen.storyboard; sourceTree = "<group>"; };
		C1A967162A65439000694CC7 /* Info.plist */ = {isa = PBXFileReference; lastKnownFileType = text.plist.xml; path = Info.plist; sourceTree = "<group>"; };
		C1B2DCC72A822F7A00702250 /* UIFont+Extension.swift */ = {isa = PBXFileReference; lastKnownFileType = sourcecode.swift; path = "UIFont+Extension.swift"; sourceTree = "<group>"; };
		C1B2DCC92A82659C00702250 /* UICollectionView+Extension.swift */ = {isa = PBXFileReference; lastKnownFileType = sourcecode.swift; path = "UICollectionView+Extension.swift"; sourceTree = "<group>"; };
		C1F772632A6840C7009BD0B8 /* MovieView.swift */ = {isa = PBXFileReference; lastKnownFileType = sourcecode.swift; path = MovieView.swift; sourceTree = "<group>"; };
		C1F772652A685DCA009BD0B8 /* MovieCell.swift */ = {isa = PBXFileReference; lastKnownFileType = sourcecode.swift; path = MovieCell.swift; sourceTree = "<group>"; };
		C1F7726D2A6BDF95009BD0B8 /* FavoriteMoviesViewController.swift */ = {isa = PBXFileReference; lastKnownFileType = sourcecode.swift; path = FavoriteMoviesViewController.swift; sourceTree = "<group>"; };
/* End PBXFileReference section */

/* Begin PBXFrameworksBuildPhase section */
		C1A966FF2A65438E00694CC7 /* Frameworks */ = {
			isa = PBXFrameworksBuildPhase;
			buildActionMask = 2147483647;
			files = (
			);
			runOnlyForDeploymentPostprocessing = 0;
		};
/* End PBXFrameworksBuildPhase section */

/* Begin PBXGroup section */
		C1032AFC2A65708F00DC8C7F /* HomePage */ = {
			isa = PBXGroup;
			children = (
				C1032AFA2A6565DA00DC8C7F /* SearchBar.swift */,
				C1F772632A6840C7009BD0B8 /* MovieView.swift */,
				C11B66F42A6FCF5E006D320E /* NavigationBar.swift */,
				C1032AF82A6555C000DC8C7F /* HomeViewController.swift */,
			);
			path = HomePage;
			sourceTree = "<group>";
		};
		C10A0BA42A6546AD00A946D7 /* App */ = {
			isa = PBXGroup;
			children = (
				C1A967052A65438E00694CC7 /* AppDelegate.swift */,
				C1A967072A65438E00694CC7 /* SceneDelegate.swift */,
			);
			path = App;
			sourceTree = "<group>";
		};
		C10A0BA52A6546B600A946D7 /* Scenes */ = {
			isa = PBXGroup;
			children = (
				C10A0BAA2A65478100A946D7 /* Extensions */,
				C10A0BA62A6546D000A946D7 /* Launch */,
				C15764F62A6693AD000D9C08 /* Cell */,
				C1A053CA2A78FB93000A1009 /* SplashPage */,
				C1032AFC2A65708F00DC8C7F /* HomePage */,
				C1A053C72A78FB41000A1009 /* FavoritesPage */,
				C1A053C82A78FB5C000A1009 /* DetailsPage */,
				C1A053C92A78FB6C000A1009 /* ErrorPage */,
				C1A053CB2A78FBB2000A1009 /* LoadingPage */,
			);
			path = Scenes;
			sourceTree = "<group>";
		};
		C10A0BA62A6546D000A946D7 /* Launch */ = {
			isa = PBXGroup;
			children = (
				C1A9670B2A65438E00694CC7 /* Main.storyboard */,
				C1A967132A65439000694CC7 /* LaunchScreen.storyboard */,
			);
			path = Launch;
			sourceTree = "<group>";
		};
		C10A0BA82A65472400A946D7 /* Resources */ = {
			isa = PBXGroup;
			children = (
				C1A967112A65439000694CC7 /* Assets.xcassets */,
				C1A9670E2A65438E00694CC7 /* MovieApp.xcdatamodeld */,
			);
			path = Resources;
			sourceTree = "<group>";
		};
		C10A0BA92A65473000A946D7 /* Supporting Files */ = {
			isa = PBXGroup;
			children = (
				C1A053CC2A791C47000A1009 /* Fonts */,
				C1A053C12A77DEBC000A1009 /* Montserrat */,
				C1A967162A65439000694CC7 /* Info.plist */,
			);
			path = "Supporting Files";
			sourceTree = "<group>";
		};
		C10A0BAA2A65478100A946D7 /* Extensions */ = {
			isa = PBXGroup;
			children = (
				C1032AF22A6548D700DC8C7F /* UIView+Extension.swift */,
				C1032AF42A65532700DC8C7F /* UIColor+Extension.swift */,
				C1B2DCC72A822F7A00702250 /* UIFont+Extension.swift */,
				C1B2DCC92A82659C00702250 /* UICollectionView+Extension.swift */,
			);
			path = Extensions;
			sourceTree = "<group>";
		};
		C15764F62A6693AD000D9C08 /* Cell */ = {
			isa = PBXGroup;
			children = (
				C15764FB2A66B7EF000D9C08 /* CategoryCell.swift */,
				C1F772652A685DCA009BD0B8 /* MovieCell.swift */,
			);
			path = Cell;
			sourceTree = "<group>";
		};
		C1A053C72A78FB41000A1009 /* FavoritesPage */ = {
			isa = PBXGroup;
			children = (
				C11B66F62A700DFB006D320E /* NoMovies.swift */,
				C1F7726D2A6BDF95009BD0B8 /* FavoriteMoviesViewController.swift */,
			);
			path = FavoritesPage;
			sourceTree = "<group>";
		};
		C1A053C82A78FB5C000A1009 /* DetailsPage */ = {
			isa = PBXGroup;
			children = (
				C11B66FC2A72863D006D320E /* DetailsView.swift */,
				C11B66FA2A728242006D320E /* DetailsComponentsView.swift */,
				C11B66F82A714104006D320E /* DetailsViewController.swift */,
			);
			path = DetailsPage;
			sourceTree = "<group>";
		};
		C1A053C92A78FB6C000A1009 /* ErrorPage */ = {
			isa = PBXGroup;
			children = (
				C1A053C32A77FC3C000A1009 /* ErrorViewController.swift */,
			);
			path = ErrorPage;
			sourceTree = "<group>";
		};
		C1A053CA2A78FB93000A1009 /* SplashPage */ = {
			isa = PBXGroup;
			children = (
				C1A967092A65438E00694CC7 /* SplashViewController.swift */,
			);
			path = SplashPage;
			sourceTree = "<group>";
		};
		C1A053CB2A78FBB2000A1009 /* LoadingPage */ = {
			isa = PBXGroup;
			children = (
				C1A053C52A78E577000A1009 /* LoadingViewController.swift */,
			);
			path = LoadingPage;
			sourceTree = "<group>";
		};
		C1A053CC2A791C47000A1009 /* Fonts */ = {
			isa = PBXGroup;
			children = (
				C1A053CD2A791C56000A1009 /* Montserrat-Medium.ttf */,
				C1A053CE2A791C56000A1009 /* Montserrat-SemiBold.ttf */,
				C1A053D12A792CCA000A1009 /* Montserrat-Regular.ttf */,
				C1A053D22A793524000A1009 /* Montserrat-Bold.ttf */,
				C1A053D32A79770D000A1009 /* Montserrat-ExtraBold.ttf */,
			);
			path = Fonts;
			sourceTree = "<group>";
		};
		C1A966F92A65438E00694CC7 = {
			isa = PBXGroup;
			children = (
				C1A967042A65438E00694CC7 /* MovieApp */,
				C1A967032A65438E00694CC7 /* Products */,
			);
			sourceTree = "<group>";
		};
		C1A967032A65438E00694CC7 /* Products */ = {
			isa = PBXGroup;
			children = (
				C1A967022A65438E00694CC7 /* MovieApp.app */,
			);
			name = Products;
			sourceTree = "<group>";
		};
		C1A967042A65438E00694CC7 /* MovieApp */ = {
			isa = PBXGroup;
			children = (
				C10A0BA42A6546AD00A946D7 /* App */,
				C10A0BA52A6546B600A946D7 /* Scenes */,
				C10A0BA82A65472400A946D7 /* Resources */,
				C10A0BA92A65473000A946D7 /* Supporting Files */,
			);
			path = MovieApp;
			sourceTree = "<group>";
		};
/* End PBXGroup section */

/* Begin PBXNativeTarget section */
		C1A967012A65438E00694CC7 /* MovieApp */ = {
			isa = PBXNativeTarget;
			buildConfigurationList = C1A967192A65439000694CC7 /* Build configuration list for PBXNativeTarget "MovieApp" */;
			buildPhases = (
				C1A966FE2A65438E00694CC7 /* Sources */,
				C1A966FF2A65438E00694CC7 /* Frameworks */,
				C1A967002A65438E00694CC7 /* Resources */,
			);
			buildRules = (
			);
			dependencies = (
			);
			name = MovieApp;
			productName = MovieApp;
			productReference = C1A967022A65438E00694CC7 /* MovieApp.app */;
			productType = "com.apple.product-type.application";
		};
/* End PBXNativeTarget section */

/* Begin PBXProject section */
		C1A966FA2A65438E00694CC7 /* Project object */ = {
			isa = PBXProject;
			attributes = {
				BuildIndependentTargetsInParallel = 1;
				LastSwiftUpdateCheck = 1430;
				LastUpgradeCheck = 1430;
				TargetAttributes = {
					C1A967012A65438E00694CC7 = {
						CreatedOnToolsVersion = 14.3;
					};
				};
			};
			buildConfigurationList = C1A966FD2A65438E00694CC7 /* Build configuration list for PBXProject "MovieApp" */;
			compatibilityVersion = "Xcode 14.0";
			developmentRegion = en;
			hasScannedForEncodings = 0;
			knownRegions = (
				en,
				Base,
			);
			mainGroup = C1A966F92A65438E00694CC7;
			productRefGroup = C1A967032A65438E00694CC7 /* Products */;
			projectDirPath = "";
			projectRoot = "";
			targets = (
				C1A967012A65438E00694CC7 /* MovieApp */,
			);
		};
/* End PBXProject section */

/* Begin PBXResourcesBuildPhase section */
		C1A967002A65438E00694CC7 /* Resources */ = {
			isa = PBXResourcesBuildPhase;
			buildActionMask = 2147483647;
			files = (
				C1A053D02A791C56000A1009 /* Montserrat-SemiBold.ttf in Resources */,
				C1A967152A65439000694CC7 /* LaunchScreen.storyboard in Resources */,
				C1A053CF2A791C56000A1009 /* Montserrat-Medium.ttf in Resources */,
				C1A053C22A77DEBC000A1009 /* Montserrat in Resources */,
				C1A967122A65439000694CC7 /* Assets.xcassets in Resources */,
				C1A9670D2A65438E00694CC7 /* Main.storyboard in Resources */,
			);
			runOnlyForDeploymentPostprocessing = 0;
		};
/* End PBXResourcesBuildPhase section */

/* Begin PBXSourcesBuildPhase section */
		C1A966FE2A65438E00694CC7 /* Sources */ = {
			isa = PBXSourcesBuildPhase;
			buildActionMask = 2147483647;
			files = (
				C1A9670A2A65438E00694CC7 /* SplashViewController.swift in Sources */,
				C1A967062A65438E00694CC7 /* AppDelegate.swift in Sources */,
				C1F7726E2A6BDF95009BD0B8 /* FavoriteMoviesViewController.swift in Sources */,
				C1032AF92A6555C000DC8C7F /* HomeViewController.swift in Sources */,
				C1F772662A685DCA009BD0B8 /* MovieCell.swift in Sources */,
				C1A053C42A77FC3C000A1009 /* ErrorViewController.swift in Sources */,
				C11B66F72A700DFB006D320E /* NoMovies.swift in Sources */,
				C1A967102A65438E00694CC7 /* MovieApp.xcdatamodeld in Sources */,
				C1032AF52A65532700DC8C7F /* UIColor+Extension.swift in Sources */,
				C1032AFB2A6565DA00DC8C7F /* SearchBar.swift in Sources */,
				C1A967082A65438E00694CC7 /* SceneDelegate.swift in Sources */,
				C1A053C62A78E578000A1009 /* LoadingViewController.swift in Sources */,
				C1032AF32A6548D700DC8C7F /* UIView+Extension.swift in Sources */,
				C11B66F52A6FCF5E006D320E /* NavigationBar.swift in Sources */,
				C15764FC2A66B7EF000D9C08 /* CategoryCell.swift in Sources */,
				C1B2DCCA2A82659C00702250 /* UICollectionView+Extension.swift in Sources */,
				C11B66FB2A728242006D320E /* DetailsComponentsView.swift in Sources */,
				C11B66FD2A72863D006D320E /* DetailsView.swift in Sources */,
				C1F772642A6840C7009BD0B8 /* MovieView.swift in Sources */,
				C1B2DCC82A822F7A00702250 /* UIFont+Extension.swift in Sources */,
				C11B66F92A714104006D320E /* DetailsViewController.swift in Sources */,
			);
			runOnlyForDeploymentPostprocessing = 0;
		};
/* End PBXSourcesBuildPhase section */

/* Begin PBXVariantGroup section */
		C1A9670B2A65438E00694CC7 /* Main.storyboard */ = {
			isa = PBXVariantGroup;
			children = (
				C1A9670C2A65438E00694CC7 /* Base */,
			);
			name = Main.storyboard;
			sourceTree = "<group>";
		};
		C1A967132A65439000694CC7 /* LaunchScreen.storyboard */ = {
			isa = PBXVariantGroup;
			children = (
				C1A967142A65439000694CC7 /* Base */,
			);
			name = LaunchScreen.storyboard;
			sourceTree = "<group>";
		};
/* End PBXVariantGroup section */

/* Begin XCBuildConfiguration section */
		C1A967172A65439000694CC7 /* Debug */ = {
			isa = XCBuildConfiguration;
			buildSettings = {
				ALWAYS_SEARCH_USER_PATHS = NO;
				CLANG_ANALYZER_NONNULL = YES;
				CLANG_ANALYZER_NUMBER_OBJECT_CONVERSION = YES_AGGRESSIVE;
				CLANG_CXX_LANGUAGE_STANDARD = "gnu++20";
				CLANG_ENABLE_MODULES = YES;
				CLANG_ENABLE_OBJC_ARC = YES;
				CLANG_ENABLE_OBJC_WEAK = YES;
				CLANG_WARN_BLOCK_CAPTURE_AUTORELEASING = YES;
				CLANG_WARN_BOOL_CONVERSION = YES;
				CLANG_WARN_COMMA = YES;
				CLANG_WARN_CONSTANT_CONVERSION = YES;
				CLANG_WARN_DEPRECATED_OBJC_IMPLEMENTATIONS = YES;
				CLANG_WARN_DIRECT_OBJC_ISA_USAGE = YES_ERROR;
				CLANG_WARN_DOCUMENTATION_COMMENTS = YES;
				CLANG_WARN_EMPTY_BODY = YES;
				CLANG_WARN_ENUM_CONVERSION = YES;
				CLANG_WARN_INFINITE_RECURSION = YES;
				CLANG_WARN_INT_CONVERSION = YES;
				CLANG_WARN_NON_LITERAL_NULL_CONVERSION = YES;
				CLANG_WARN_OBJC_IMPLICIT_RETAIN_SELF = YES;
				CLANG_WARN_OBJC_LITERAL_CONVERSION = YES;
				CLANG_WARN_OBJC_ROOT_CLASS = YES_ERROR;
				CLANG_WARN_QUOTED_INCLUDE_IN_FRAMEWORK_HEADER = YES;
				CLANG_WARN_RANGE_LOOP_ANALYSIS = YES;
				CLANG_WARN_STRICT_PROTOTYPES = YES;
				CLANG_WARN_SUSPICIOUS_MOVE = YES;
				CLANG_WARN_UNGUARDED_AVAILABILITY = YES_AGGRESSIVE;
				CLANG_WARN_UNREACHABLE_CODE = YES;
				CLANG_WARN__DUPLICATE_METHOD_MATCH = YES;
				COPY_PHASE_STRIP = NO;
				DEBUG_INFORMATION_FORMAT = dwarf;
				ENABLE_STRICT_OBJC_MSGSEND = YES;
				ENABLE_TESTABILITY = YES;
				GCC_C_LANGUAGE_STANDARD = gnu11;
				GCC_DYNAMIC_NO_PIC = NO;
				GCC_NO_COMMON_BLOCKS = YES;
				GCC_OPTIMIZATION_LEVEL = 0;
				GCC_PREPROCESSOR_DEFINITIONS = (
					"DEBUG=1",
					"$(inherited)",
				);
				GCC_WARN_64_TO_32_BIT_CONVERSION = YES;
				GCC_WARN_ABOUT_RETURN_TYPE = YES_ERROR;
				GCC_WARN_UNDECLARED_SELECTOR = YES;
				GCC_WARN_UNINITIALIZED_AUTOS = YES_AGGRESSIVE;
				GCC_WARN_UNUSED_FUNCTION = YES;
				GCC_WARN_UNUSED_VARIABLE = YES;
				IPHONEOS_DEPLOYMENT_TARGET = 16.4;
				MTL_ENABLE_DEBUG_INFO = INCLUDE_SOURCE;
				MTL_FAST_MATH = YES;
				ONLY_ACTIVE_ARCH = YES;
				SDKROOT = iphoneos;
				SWIFT_ACTIVE_COMPILATION_CONDITIONS = DEBUG;
				SWIFT_OPTIMIZATION_LEVEL = "-Onone";
			};
			name = Debug;
		};
		C1A967182A65439000694CC7 /* Release */ = {
			isa = XCBuildConfiguration;
			buildSettings = {
				ALWAYS_SEARCH_USER_PATHS = NO;
				CLANG_ANALYZER_NONNULL = YES;
				CLANG_ANALYZER_NUMBER_OBJECT_CONVERSION = YES_AGGRESSIVE;
				CLANG_CXX_LANGUAGE_STANDARD = "gnu++20";
				CLANG_ENABLE_MODULES = YES;
				CLANG_ENABLE_OBJC_ARC = YES;
				CLANG_ENABLE_OBJC_WEAK = YES;
				CLANG_WARN_BLOCK_CAPTURE_AUTORELEASING = YES;
				CLANG_WARN_BOOL_CONVERSION = YES;
				CLANG_WARN_COMMA = YES;
				CLANG_WARN_CONSTANT_CONVERSION = YES;
				CLANG_WARN_DEPRECATED_OBJC_IMPLEMENTATIONS = YES;
				CLANG_WARN_DIRECT_OBJC_ISA_USAGE = YES_ERROR;
				CLANG_WARN_DOCUMENTATION_COMMENTS = YES;
				CLANG_WARN_EMPTY_BODY = YES;
				CLANG_WARN_ENUM_CONVERSION = YES;
				CLANG_WARN_INFINITE_RECURSION = YES;
				CLANG_WARN_INT_CONVERSION = YES;
				CLANG_WARN_NON_LITERAL_NULL_CONVERSION = YES;
				CLANG_WARN_OBJC_IMPLICIT_RETAIN_SELF = YES;
				CLANG_WARN_OBJC_LITERAL_CONVERSION = YES;
				CLANG_WARN_OBJC_ROOT_CLASS = YES_ERROR;
				CLANG_WARN_QUOTED_INCLUDE_IN_FRAMEWORK_HEADER = YES;
				CLANG_WARN_RANGE_LOOP_ANALYSIS = YES;
				CLANG_WARN_STRICT_PROTOTYPES = YES;
				CLANG_WARN_SUSPICIOUS_MOVE = YES;
				CLANG_WARN_UNGUARDED_AVAILABILITY = YES_AGGRESSIVE;
				CLANG_WARN_UNREACHABLE_CODE = YES;
				CLANG_WARN__DUPLICATE_METHOD_MATCH = YES;
				COPY_PHASE_STRIP = NO;
				DEBUG_INFORMATION_FORMAT = "dwarf-with-dsym";
				ENABLE_NS_ASSERTIONS = NO;
				ENABLE_STRICT_OBJC_MSGSEND = YES;
				GCC_C_LANGUAGE_STANDARD = gnu11;
				GCC_NO_COMMON_BLOCKS = YES;
				GCC_WARN_64_TO_32_BIT_CONVERSION = YES;
				GCC_WARN_ABOUT_RETURN_TYPE = YES_ERROR;
				GCC_WARN_UNDECLARED_SELECTOR = YES;
				GCC_WARN_UNINITIALIZED_AUTOS = YES_AGGRESSIVE;
				GCC_WARN_UNUSED_FUNCTION = YES;
				GCC_WARN_UNUSED_VARIABLE = YES;
				IPHONEOS_DEPLOYMENT_TARGET = 16.4;
				MTL_ENABLE_DEBUG_INFO = NO;
				MTL_FAST_MATH = YES;
				SDKROOT = iphoneos;
				SWIFT_COMPILATION_MODE = wholemodule;
				SWIFT_OPTIMIZATION_LEVEL = "-O";
				VALIDATE_PRODUCT = YES;
			};
			name = Release;
		};
		C1A9671A2A65439000694CC7 /* Debug */ = {
			isa = XCBuildConfiguration;
			buildSettings = {
				ASSETCATALOG_COMPILER_APPICON_NAME = AppIcon;
				ASSETCATALOG_COMPILER_GLOBAL_ACCENT_COLOR_NAME = AccentColor;
				CODE_SIGN_STYLE = Automatic;
				CURRENT_PROJECT_VERSION = 1;
				DEVELOPMENT_TEAM = U7NA35NV7T;
				GENERATE_INFOPLIST_FILE = YES;
				INFOPLIST_FILE = "MovieApp/Supporting Files/Info.plist";
				INFOPLIST_KEY_UIApplicationSupportsIndirectInputEvents = YES;
				INFOPLIST_KEY_UILaunchStoryboardName = LaunchScreen;
				INFOPLIST_KEY_UIMainStoryboardFile = Main;
				INFOPLIST_KEY_UISupportedInterfaceOrientations_iPad = "UIInterfaceOrientationPortrait UIInterfaceOrientationPortraitUpsideDown UIInterfaceOrientationLandscapeLeft UIInterfaceOrientationLandscapeRight";
				INFOPLIST_KEY_UISupportedInterfaceOrientations_iPhone = "UIInterfaceOrientationPortrait UIInterfaceOrientationLandscapeLeft UIInterfaceOrientationLandscapeRight";
				LD_RUNPATH_SEARCH_PATHS = (
					"$(inherited)",
					"@executable_path/Frameworks",
				);
				MARKETING_VERSION = 1.0;
				PRODUCT_BUNDLE_IDENTIFIER = AnaDzebniauri.MovieApp;
				PRODUCT_NAME = "$(TARGET_NAME)";
				SWIFT_EMIT_LOC_STRINGS = YES;
				SWIFT_VERSION = 5.0;
				TARGETED_DEVICE_FAMILY = "1,2";
			};
			name = Debug;
		};
		C1A9671B2A65439000694CC7 /* Release */ = {
			isa = XCBuildConfiguration;
			buildSettings = {
				ASSETCATALOG_COMPILER_APPICON_NAME = AppIcon;
				ASSETCATALOG_COMPILER_GLOBAL_ACCENT_COLOR_NAME = AccentColor;
				CODE_SIGN_STYLE = Automatic;
				CURRENT_PROJECT_VERSION = 1;
				DEVELOPMENT_TEAM = U7NA35NV7T;
				GENERATE_INFOPLIST_FILE = YES;
				INFOPLIST_FILE = "MovieApp/Supporting Files/Info.plist";
				INFOPLIST_KEY_UIApplicationSupportsIndirectInputEvents = YES;
				INFOPLIST_KEY_UILaunchStoryboardName = LaunchScreen;
				INFOPLIST_KEY_UIMainStoryboardFile = Main;
				INFOPLIST_KEY_UISupportedInterfaceOrientations_iPad = "UIInterfaceOrientationPortrait UIInterfaceOrientationPortraitUpsideDown UIInterfaceOrientationLandscapeLeft UIInterfaceOrientationLandscapeRight";
				INFOPLIST_KEY_UISupportedInterfaceOrientations_iPhone = "UIInterfaceOrientationPortrait UIInterfaceOrientationLandscapeLeft UIInterfaceOrientationLandscapeRight";
				LD_RUNPATH_SEARCH_PATHS = (
					"$(inherited)",
					"@executable_path/Frameworks",
				);
				MARKETING_VERSION = 1.0;
				PRODUCT_BUNDLE_IDENTIFIER = AnaDzebniauri.MovieApp;
				PRODUCT_NAME = "$(TARGET_NAME)";
				SWIFT_EMIT_LOC_STRINGS = YES;
				SWIFT_VERSION = 5.0;
				TARGETED_DEVICE_FAMILY = "1,2";
			};
			name = Release;
		};
/* End XCBuildConfiguration section */

/* Begin XCConfigurationList section */
		C1A966FD2A65438E00694CC7 /* Build configuration list for PBXProject "MovieApp" */ = {
			isa = XCConfigurationList;
			buildConfigurations = (
				C1A967172A65439000694CC7 /* Debug */,
				C1A967182A65439000694CC7 /* Release */,
			);
			defaultConfigurationIsVisible = 0;
			defaultConfigurationName = Release;
		};
		C1A967192A65439000694CC7 /* Build configuration list for PBXNativeTarget "MovieApp" */ = {
			isa = XCConfigurationList;
			buildConfigurations = (
				C1A9671A2A65439000694CC7 /* Debug */,
				C1A9671B2A65439000694CC7 /* Release */,
			);
			defaultConfigurationIsVisible = 0;
			defaultConfigurationName = Release;
		};
/* End XCConfigurationList section */

/* Begin XCVersionGroup section */
		C1A9670E2A65438E00694CC7 /* MovieApp.xcdatamodeld */ = {
			isa = XCVersionGroup;
			children = (
				C1A9670F2A65438E00694CC7 /* MovieApp.xcdatamodel */,
			);
			currentVersion = C1A9670F2A65438E00694CC7 /* MovieApp.xcdatamodel */;
			path = MovieApp.xcdatamodeld;
			sourceTree = "<group>";
			versionGroupType = wrapper.xcdatamodel;
		};
/* End XCVersionGroup section */
	};
	rootObject = C1A966FA2A65438E00694CC7 /* Project object */;
}
